{
  "name": "dilan-tool",
  "version": "1.0.0",
  "lockfileVersion": 3,
  "requires": true,
  "packages": {
    "": {
      "name": "dilan-tool",
      "version": "1.0.0",
      "license": "ISC",
      "dependencies": {
        "openrouteservice-js": "^0.4.1"
      }
    },
    "node_modules/openrouteservice-js": {
      "version": "0.4.1",
      "resolved": "https://registry.npmjs.org/openrouteservice-js/-/openrouteservice-js-0.4.1.tgz",
      "integrity": "sha512-Oeb/KgzaYXEtafSHB40KfZvHFfTSPhtt0/oEf0jv5o5Ljw3//+C63CFxbknOqDBrOkYLLQMMCjJGa54rUOBtLg==",
      "license": "Apache-2.0"
    }
  }
}
